Microsoft Visual Studio Solution File, Format Version 12.00
# Visual Studio Version 17
VisualStudioVersion = 17.0.31903.59
MinimumVisualStudioVersion = 10.0.40219.1
Project("{FAE04EC0-301F-11D3-BF4B-00C04F79EFBC}") = "Feedy.Domain", "src\Feedy.Domain\Feedy.Domain.csproj", "{00000001-0000-0000-0000-000000000001}"
EndProject
Project("{FAE04EC0-301F-11D3-BF4B-00C04F79EFBC}") = "Feedy.Application", "src\Feedy.Application\Feedy.Application.csproj", "{00000001-0000-0000-0000-000000000002}"
EndProject
Project("{FAE04EC0-301F-11D3-BF4B-00C04F79EFBC}") = "Feedy.Infrastructure", "src\Feedy.Infrastructure\Feedy.Infrastructure.csproj", "{00000001-0000-0000-0000-000000000003}"
EndProject
Project("{FAE04EC0-301F-11D3-BF4B-00C04F79EFBC}") = "Feedy.Api", "src\Feedy.Api\Feedy.Api.csproj", "{00000001-0000-0000-0000-000000000004}"
EndProject
Project("{FAE04EC0-301F-11D3-BF4B-00C04F79EFBC}") = "Feedy.Domain.Tests", "tests\Feedy.Domain.Tests\Feedy.Domain.Tests.csproj", "{00000002-0000-0000-0000-000000000001}"
EndProject
Project("{FAE04EC0-301F-11D3-BF4B-00C04F79EFBC}") = "Feedy.Application.Tests", "tests\Feedy.Application.Tests\Feedy.Application.Tests.csproj", "{00000002-0000-0000-0000-000000000002}"
EndProject
Project("{FAE04EC0-301F-11D3-BF4B-00C04F79EFBC}") = "Feedy.Infrastructure.Tests", "tests\Feedy.Infrastructure.Tests\Feedy.Infrastructure.Tests.csproj", "{00000002-0000-0000-0000-000000000003}"
EndProject
Global
	GlobalSection(SolutionConfigurationPlatforms) = preSolution
		Debug|Any CPU = Debug|Any CPU
		Release|Any CPU = Release|Any CPU
	EndGlobalSection
	GlobalSection(ProjectConfigurationPlatforms) = postSolution
		{00000001-0000-0000-0000-000000000001}.Debug|Any CPU.ActiveCfg = Debug|Any CPU
		{00000001-0000-0000-0000-000000000001}.Debug|Any CPU.Build.0 = Debug|Any CPU
		{00000001-0000-0000-0000-000000000001}.Release|Any CPU.ActiveCfg = Release|Any CPU
		{00000001-0000-0000-0000-000000000001}.Release|Any CPU.Build.0 = Release|Any CPU
		{00000001-0000-0000-0000-000000000002}.Debug|Any CPU.ActiveCfg = Debug|Any CPU
		{00000001-0000-0000-0000-000000000002}.Debug|Any CPU.Build.0 = Debug|Any CPU
		{00000001-0000-0000-0000-000000000002}.Release|Any CPU.ActiveCfg = Release|Any CPU
		{00000001-0000-0000-0000-000000000002}.Release|Any CPU.Build.0 = Release|Any CPU
		{00000001-0000-0000-0000-000000000003}.Debug|Any CPU.ActiveCfg = Debug|Any CPU
		{00000001-0000-0000-0000-000000000003}.Debug|Any CPU.Build.0 = Debug|Any CPU
		{00000001-0000-0000-0000-000000000003}.Release|Any CPU.ActiveCfg = Release|Any CPU
		{00000001-0000-0000-0000-000000000003}.Release|Any CPU.Build.0 = Release|Any CPU
		{00000001-0000-0000-0000-000000000004}.Debug|Any CPU.ActiveCfg = Debug|Any CPU
		{00000001-0000-0000-0000-000000000004}.Debug|Any CPU.Build.0 = Debug|Any CPU
		{00000001-0000-0000-0000-000000000004}.Release|Any CPU.ActiveCfg = Release|Any CPU
		{00000001-0000-0000-0000-000000000004}.Release|Any CPU.Build.0 = Release|Any CPU
		{00000002-0000-0000-0000-000000000001}.Debug|Any CPU.ActiveCfg = Debug|Any CPU
		{00000002-0000-0000-0000-000000000001}.Debug|Any CPU.Build.0 = Debug|Any CPU
		{00000002-0000-0000-0000-000000000001}.Release|Any CPU.ActiveCfg = Release|Any CPU
		{00000002-0000-0000-0000-000000000001}.Release|Any CPU.Build.0 = Release|Any CPU
		{00000002-0000-0000-0000-000000000002}.Debug|Any CPU.ActiveCfg = Debug|Any CPU
		{00000002-0000-0000-0000-000000000002}.Debug|Any CPU.Build.0 = Debug|Any CPU
		{00000002-0000-0000-0000-000000000002}.Release|Any CPU.ActiveCfg = Release|Any CPU
		{00000002-0000-0000-0000-000000000002}.Release|Any CPU.Build.0 = Release|Any CPU
		{00000002-0000-0000-0000-000000000003}.Debug|Any CPU.ActiveCfg = Debug|Any CPU
		{00000002-0000-0000-0000-000000000003}.Debug|Any CPU.Build.0 = Debug|Any CPU
		{00000002-0000-0000-0000-000000000003}.Release|Any CPU.ActiveCfg = Release|Any CPU
		{00000002-0000-0000-0000-000000000003}.Release|Any CPU.Build.0 = Release|Any CPU
	EndGlobalSection
EndGlobal
